
Microsoft Visual Studio Solution File, Format Version 12.00
# Visual Studio Version 16
VisualStudioVersion = 25.0.1700.6
MinimumVisualStudioVersion = 10.0.40219.1
Project("{FAE04EC0-301F-11D3-BF4B-00C04F79EFBC}") = "ColorGridWebStorage", "ColorGridWebStorage.csproj", "{ED247C14-ABED-45F9-9071-F3378DB28904}"
EndProject
Global
	GlobalSection(SolutionConfigurationPlatforms) = preSolution
		Debug|Any CPU = Debug|Any CPU
		Release|Any CPU = Release|Any CPU
	EndGlobalSection
	GlobalSection(ProjectConfigurationPlatforms) = postSolution
		{ED247C14-ABED-45F9-9071-F3378DB28904}.Debug|Any CPU.ActiveCfg = Debug|Any CPU
		{ED247C14-ABED-45F9-9071-F3378DB28904}.Debug|Any CPU.Build.0 = Debug|Any CPU
		{ED247C14-ABED-45F9-9071-F3378DB28904}.Release|Any CPU.ActiveCfg = Release|Any CPU
		{ED247C14-ABED-45F9-9071-F3378DB28904}.Release|Any CPU.Build.0 = Release|Any CPU
	EndGlobalSection
	GlobalSection(SolutionProperties) = preSolution
		HideSolutionNode = FALSE
	EndGlobalSection
	GlobalSection(ExtensibilityGlobals) = postSolution
		SolutionGuid = {394EAB12-C107-444C-A620-0C8E25D06085}
	EndGlobalSection
EndGlobal
