
Microsoft Visual Studio Solution File, Format Version 12.00
# Visual Studio Version 17
VisualStudioVersion = 17.3.32819.101
MinimumVisualStudioVersion = 10.0.40219.1
Project("{FAE04EC0-301F-11D3-BF4B-00C04F79EFBC}") = "DotNetCA", "DotNetCA\DotNetCA.csproj", "{3670BEC2-F3E3-4B5C-B56E-41EEB92C72A2}"
EndProject
Global
	GlobalSection(SolutionConfigurationPlatforms) = preSolution
		Debug|Any CPU = Debug|Any CPU
		Release|Any CPU = Release|Any CPU
	EndGlobalSection
	GlobalSection(ProjectConfigurationPlatforms) = postSolution
		{3670BEC2-F3E3-4B5C-B56E-41EEB92C72A2}.Debug|Any CPU.ActiveCfg = Debug|Any CPU
		{3670BEC2-F3E3-4B5C-B56E-41EEB92C72A2}.Debug|Any CPU.Build.0 = Debug|Any CPU
		{3670BEC2-F3E3-4B5C-B56E-41EEB92C72A2}.Release|Any CPU.ActiveCfg = Release|Any CPU
		{3670BEC2-F3E3-4B5C-B56E-41EEB92C72A2}.Release|Any CPU.Build.0 = Release|Any CPU
	EndGlobalSection
	GlobalSection(SolutionProperties) = preSolution
		HideSolutionNode = FALSE
	EndGlobalSection
	GlobalSection(ExtensibilityGlobals) = postSolution
		SolutionGuid = {C580FB8D-D394-4808-A8A5-C728FE6401D1}
	EndGlobalSection
EndGlobal
