
Microsoft Visual Studio Solution File, Format Version 12.00
# Visual Studio Version 16
VisualStudioVersion = 16.0.32630.194
MinimumVisualStudioVersion = 10.0.40219.1
Project("{FAE04EC0-301F-11D3-BF4B-00C04F79EFBC}") = "Day01", "Day01\Day01.csproj", "{0DE9B9F5-F13B-47E4-AACF-5747C21EC4D2}"
EndProject
Project("{FAE04EC0-301F-11D3-BF4B-00C04F79EFBC}") = "Day07", "Day07\Day07.csproj", "{8D01266D-7099-4AEA-B4D3-8E8ACE9E0A66}"
EndProject
Project("{FAE04EC0-301F-11D3-BF4B-00C04F79EFBC}") = "Day08", "Day08\Day08.csproj", "{66BFC26F-A34E-4191-9678-F8667E0689E9}"
EndProject
Project("{FAE04EC0-301F-11D3-BF4B-00C04F79EFBC}") = "Day09", "Day09\Day09.csproj", "{04CCB88E-2E69-4889-9CD5-20393A32AA51}"
EndProject
Project("{FAE04EC0-301F-11D3-BF4B-00C04F79EFBC}") = "AbstractShape", "AbstractShape\AbstractShape.csproj", "{F8BB6114-8806-46DA-A259-366F80A4B4CE}"
EndProject
Project("{FAE04EC0-301F-11D3-BF4B-00C04F79EFBC}") = "InterfaceDemo", "InterfaceDemo\InterfaceDemo.csproj", "{7565F8F4-B29F-4874-9EE7-FA1ACDD5FCA1}"
EndProject
Global
	GlobalSection(SolutionConfigurationPlatforms) = preSolution
		Debug|Any CPU = Debug|Any CPU
		Release|Any CPU = Release|Any CPU
	EndGlobalSection
	GlobalSection(ProjectConfigurationPlatforms) = postSolution
		{0DE9B9F5-F13B-47E4-AACF-5747C21EC4D2}.Debug|Any CPU.ActiveCfg = Debug|Any CPU
		{0DE9B9F5-F13B-47E4-AACF-5747C21EC4D2}.Debug|Any CPU.Build.0 = Debug|Any CPU
		{0DE9B9F5-F13B-47E4-AACF-5747C21EC4D2}.Release|Any CPU.ActiveCfg = Release|Any CPU
		{0DE9B9F5-F13B-47E4-AACF-5747C21EC4D2}.Release|Any CPU.Build.0 = Release|Any CPU
		{8D01266D-7099-4AEA-B4D3-8E8ACE9E0A66}.Debug|Any CPU.ActiveCfg = Debug|Any CPU
		{8D01266D-7099-4AEA-B4D3-8E8ACE9E0A66}.Debug|Any CPU.Build.0 = Debug|Any CPU
		{8D01266D-7099-4AEA-B4D3-8E8ACE9E0A66}.Release|Any CPU.ActiveCfg = Release|Any CPU
		{8D01266D-7099-4AEA-B4D3-8E8ACE9E0A66}.Release|Any CPU.Build.0 = Release|Any CPU
		{66BFC26F-A34E-4191-9678-F8667E0689E9}.Debug|Any CPU.ActiveCfg = Debug|Any CPU
		{66BFC26F-A34E-4191-9678-F8667E0689E9}.Debug|Any CPU.Build.0 = Debug|Any CPU
		{66BFC26F-A34E-4191-9678-F8667E0689E9}.Release|Any CPU.ActiveCfg = Release|Any CPU
		{66BFC26F-A34E-4191-9678-F8667E0689E9}.Release|Any CPU.Build.0 = Release|Any CPU
		{04CCB88E-2E69-4889-9CD5-20393A32AA51}.Debug|Any CPU.ActiveCfg = Debug|Any CPU
		{04CCB88E-2E69-4889-9CD5-20393A32AA51}.Debug|Any CPU.Build.0 = Debug|Any CPU
		{04CCB88E-2E69-4889-9CD5-20393A32AA51}.Release|Any CPU.ActiveCfg = Release|Any CPU
		{04CCB88E-2E69-4889-9CD5-20393A32AA51}.Release|Any CPU.Build.0 = Release|Any CPU
		{F8BB6114-8806-46DA-A259-366F80A4B4CE}.Debug|Any CPU.ActiveCfg = Debug|Any CPU
		{F8BB6114-8806-46DA-A259-366F80A4B4CE}.Debug|Any CPU.Build.0 = Debug|Any CPU
		{F8BB6114-8806-46DA-A259-366F80A4B4CE}.Release|Any CPU.ActiveCfg = Release|Any CPU
		{F8BB6114-8806-46DA-A259-366F80A4B4CE}.Release|Any CPU.Build.0 = Release|Any CPU
		{7565F8F4-B29F-4874-9EE7-FA1ACDD5FCA1}.Debug|Any CPU.ActiveCfg = Debug|Any CPU
		{7565F8F4-B29F-4874-9EE7-FA1ACDD5FCA1}.Debug|Any CPU.Build.0 = Debug|Any CPU
		{7565F8F4-B29F-4874-9EE7-FA1ACDD5FCA1}.Release|Any CPU.ActiveCfg = Release|Any CPU
		{7565F8F4-B29F-4874-9EE7-FA1ACDD5FCA1}.Release|Any CPU.Build.0 = Release|Any CPU
	EndGlobalSection
	GlobalSection(SolutionProperties) = preSolution
		HideSolutionNode = FALSE
	EndGlobalSection
	GlobalSection(ExtensibilityGlobals) = postSolution
		SolutionGuid = {9C4BF098-DA9C-4D10-AE53-302BDDC65EF2}
	EndGlobalSection
EndGlobal
