
Microsoft Visual Studio Solution File, Format Version 12.00
# Visual Studio Version 17
VisualStudioVersion = 17.3.32819.101
MinimumVisualStudioVersion = 10.0.40219.1
Project("{FAE04EC0-301F-11D3-BF4B-00C04F79EFBC}") = "Day01", "Day01\Day01.csproj", "{0DE9B9F5-F13B-47E4-AACF-5747C21EC4D2}"
EndProject
Project("{FAE04EC0-301F-11D3-BF4B-00C04F79EFBC}") = "Day07", "Day07\Day07.csproj", "{8D01266D-7099-4AEA-B4D3-8E8ACE9E0A66}"
EndProject
Project("{FAE04EC0-301F-11D3-BF4B-00C04F79EFBC}") = "Day08", "Day08\Day08.csproj", "{66BFC26F-A34E-4191-9678-F8667E0689E9}"
EndProject
Project("{FAE04EC0-301F-11D3-BF4B-00C04F79EFBC}") = "Day09", "Day09\Day09.csproj", "{04CCB88E-2E69-4889-9CD5-20393A32AA51}"
EndProject
Project("{FAE04EC0-301F-11D3-BF4B-00C04F79EFBC}") = "AbstractShape", "AbstractShape\AbstractShape.csproj", "{F8BB6114-8806-46DA-A259-366F80A4B4CE}"
EndProject
Project("{FAE04EC0-301F-11D3-BF4B-00C04F79EFBC}") = "InterfaceDemo", "InterfaceDemo\InterfaceDemo.csproj", "{7565F8F4-B29F-4874-9EE7-FA1ACDD5FCA1}"
EndProject
Project("{FAE04EC0-301F-11D3-BF4B-00C04F79EFBC}") = "Workshop_Exceptions", "Workshop_Exceptions\Workshop_Exceptions.csproj", "{BF96A8A2-1D8E-4143-8026-69E235D84E4F}"
EndProject
Project("{FAE04EC0-301F-11D3-BF4B-00C04F79EFBC}") = "Workshop_ExcPropagation", "ExcPropagation\Workshop_ExcPropagation.csproj", "{2D609A84-2151-4F68-A8AE-945A93135C60}"
EndProject
Project("{FAE04EC0-301F-11D3-BF4B-00C04F79EFBC}") = "LinklistImp", "LinklistImp\LinklistImp.csproj", "{B9B2478B-66ED-49F7-BA7C-E9B5F2C94C12}"
EndProject
Project("{FAE04EC0-301F-11D3-BF4B-00C04F79EFBC}") = "StackQueueImp", "StackQueueImp\StackQueueImp.csproj", "{DFF0FE75-3FBC-46E8-9948-4D14792C66B1}"
EndProject
Project("{FAE04EC0-301F-11D3-BF4B-00C04F79EFBC}") = "MiniCA", "MiniCA\MiniCA.csproj", "{3C50A92E-42A7-478B-994D-A2E5A8627A51}"
EndProject
Project("{FAE04EC0-301F-11D3-BF4B-00C04F79EFBC}") = "BinaryTree", "BinaryTree\BinaryTree.csproj", "{B40C1ACC-A068-40DD-964D-21B2194D7608}"
EndProject
Project("{FAE04EC0-301F-11D3-BF4B-00C04F79EFBC}") = "TrieSearch", "TrieSearch\TrieSearch.csproj", "{8573A868-1857-4B80-9DA4-10E4857AE92D}"
EndProject
Project("{FAE04EC0-301F-11D3-BF4B-00C04F79EFBC}") = "MinCASolution", "MinCASolution\MinCASolution.csproj", "{0F0C44ED-BCFC-4BB7-8F70-DD7571F83E78}"
EndProject
Project("{FAE04EC0-301F-11D3-BF4B-00C04F79EFBC}") = "DictionaryPractise", "DictionaryPractise\DictionaryPractise.csproj", "{5756EC0F-5D1F-4595-B257-B36E62A8A4FD}"
EndProject
Project("{FAE04EC0-301F-11D3-BF4B-00C04F79EFBC}") = "WaySum", "WaySum\WaySum.csproj", "{9BC46ED8-150F-419C-B5C0-973B3F10C91D}"
EndProject
Project("{9A19103F-16F7-4668-BE54-9A1E7A4F7556}") = "HelloWorld", "HelloWorld\HelloWorld.csproj", "{4B115EF1-5173-4FEB-B186-4AA513F942B5}"
EndProject
Project("{9A19103F-16F7-4668-BE54-9A1E7A4F7556}") = "WebApplication1", "WebApplication1\WebApplication1.csproj", "{72BEA95A-8012-48B1-8A46-B2F8F15477E1}"
EndProject
Project("{FAE04EC0-301F-11D3-BF4B-00C04F79EFBC}") = "LINQ", "LINQ\LINQ.csproj", "{24016958-4457-416F-AC3C-7A88E1B22E02}"
EndProject
Project("{9A19103F-16F7-4668-BE54-9A1E7A4F7556}") = "WsMiddleware", "WsMiddleware\WsMiddleware.csproj", "{ACD77D57-D399-423C-9858-3B3EE8AEC46E}"
EndProject
Project("{9A19103F-16F7-4668-BE54-9A1E7A4F7556}") = "Workshop_Session", "Workshop_Session\Workshop_Session.csproj", "{F54A6F7C-B7E6-4EB3-86B9-82FFB318DE39}"
EndProject
Project("{9A19103F-16F7-4668-BE54-9A1E7A4F7556}") = "Workshop_EF_Core", "ConsoleApp1\Workshop_EF_Core.csproj", "{F7B07A1A-E917-44AD-9292-36D60758E847}"
EndProject
Project("{FAE04EC0-301F-11D3-BF4B-00C04F79EFBC}") = "TestAA", "TestAA\TestAA.csproj", "{984540D5-D06A-40BB-BD87-417608FEA074}"
EndProject
Global
	GlobalSection(SolutionConfigurationPlatforms) = preSolution
		Debug|Any CPU = Debug|Any CPU
		Release|Any CPU = Release|Any CPU
	EndGlobalSection
	GlobalSection(ProjectConfigurationPlatforms) = postSolution
		{0DE9B9F5-F13B-47E4-AACF-5747C21EC4D2}.Debug|Any CPU.ActiveCfg = Debug|Any CPU
		{0DE9B9F5-F13B-47E4-AACF-5747C21EC4D2}.Debug|Any CPU.Build.0 = Debug|Any CPU
		{0DE9B9F5-F13B-47E4-AACF-5747C21EC4D2}.Release|Any CPU.ActiveCfg = Release|Any CPU
		{0DE9B9F5-F13B-47E4-AACF-5747C21EC4D2}.Release|Any CPU.Build.0 = Release|Any CPU
		{8D01266D-7099-4AEA-B4D3-8E8ACE9E0A66}.Debug|Any CPU.ActiveCfg = Debug|Any CPU
		{8D01266D-7099-4AEA-B4D3-8E8ACE9E0A66}.Debug|Any CPU.Build.0 = Debug|Any CPU
		{8D01266D-7099-4AEA-B4D3-8E8ACE9E0A66}.Release|Any CPU.ActiveCfg = Release|Any CPU
		{8D01266D-7099-4AEA-B4D3-8E8ACE9E0A66}.Release|Any CPU.Build.0 = Release|Any CPU
		{66BFC26F-A34E-4191-9678-F8667E0689E9}.Debug|Any CPU.ActiveCfg = Debug|Any CPU
		{66BFC26F-A34E-4191-9678-F8667E0689E9}.Debug|Any CPU.Build.0 = Debug|Any CPU
		{66BFC26F-A34E-4191-9678-F8667E0689E9}.Release|Any CPU.ActiveCfg = Release|Any CPU
		{66BFC26F-A34E-4191-9678-F8667E0689E9}.Release|Any CPU.Build.0 = Release|Any CPU
		{04CCB88E-2E69-4889-9CD5-20393A32AA51}.Debug|Any CPU.ActiveCfg = Debug|Any CPU
		{04CCB88E-2E69-4889-9CD5-20393A32AA51}.Debug|Any CPU.Build.0 = Debug|Any CPU
		{04CCB88E-2E69-4889-9CD5-20393A32AA51}.Release|Any CPU.ActiveCfg = Release|Any CPU
		{04CCB88E-2E69-4889-9CD5-20393A32AA51}.Release|Any CPU.Build.0 = Release|Any CPU
		{F8BB6114-8806-46DA-A259-366F80A4B4CE}.Debug|Any CPU.ActiveCfg = Debug|Any CPU
		{F8BB6114-8806-46DA-A259-366F80A4B4CE}.Debug|Any CPU.Build.0 = Debug|Any CPU
		{F8BB6114-8806-46DA-A259-366F80A4B4CE}.Release|Any CPU.ActiveCfg = Release|Any CPU
		{F8BB6114-8806-46DA-A259-366F80A4B4CE}.Release|Any CPU.Build.0 = Release|Any CPU
		{7565F8F4-B29F-4874-9EE7-FA1ACDD5FCA1}.Debug|Any CPU.ActiveCfg = Debug|Any CPU
		{7565F8F4-B29F-4874-9EE7-FA1ACDD5FCA1}.Debug|Any CPU.Build.0 = Debug|Any CPU
		{7565F8F4-B29F-4874-9EE7-FA1ACDD5FCA1}.Release|Any CPU.ActiveCfg = Release|Any CPU
		{7565F8F4-B29F-4874-9EE7-FA1ACDD5FCA1}.Release|Any CPU.Build.0 = Release|Any CPU
		{BF96A8A2-1D8E-4143-8026-69E235D84E4F}.Debug|Any CPU.ActiveCfg = Debug|Any CPU
		{BF96A8A2-1D8E-4143-8026-69E235D84E4F}.Debug|Any CPU.Build.0 = Debug|Any CPU
		{BF96A8A2-1D8E-4143-8026-69E235D84E4F}.Release|Any CPU.ActiveCfg = Release|Any CPU
		{BF96A8A2-1D8E-4143-8026-69E235D84E4F}.Release|Any CPU.Build.0 = Release|Any CPU
		{2D609A84-2151-4F68-A8AE-945A93135C60}.Debug|Any CPU.ActiveCfg = Debug|Any CPU
		{2D609A84-2151-4F68-A8AE-945A93135C60}.Debug|Any CPU.Build.0 = Debug|Any CPU
		{2D609A84-2151-4F68-A8AE-945A93135C60}.Release|Any CPU.ActiveCfg = Release|Any CPU
		{2D609A84-2151-4F68-A8AE-945A93135C60}.Release|Any CPU.Build.0 = Release|Any CPU
		{B9B2478B-66ED-49F7-BA7C-E9B5F2C94C12}.Debug|Any CPU.ActiveCfg = Debug|Any CPU
		{B9B2478B-66ED-49F7-BA7C-E9B5F2C94C12}.Debug|Any CPU.Build.0 = Debug|Any CPU
		{B9B2478B-66ED-49F7-BA7C-E9B5F2C94C12}.Release|Any CPU.ActiveCfg = Release|Any CPU
		{B9B2478B-66ED-49F7-BA7C-E9B5F2C94C12}.Release|Any CPU.Build.0 = Release|Any CPU
		{DFF0FE75-3FBC-46E8-9948-4D14792C66B1}.Debug|Any CPU.ActiveCfg = Debug|Any CPU
		{DFF0FE75-3FBC-46E8-9948-4D14792C66B1}.Debug|Any CPU.Build.0 = Debug|Any CPU
		{DFF0FE75-3FBC-46E8-9948-4D14792C66B1}.Release|Any CPU.ActiveCfg = Release|Any CPU
		{DFF0FE75-3FBC-46E8-9948-4D14792C66B1}.Release|Any CPU.Build.0 = Release|Any CPU
		{3C50A92E-42A7-478B-994D-A2E5A8627A51}.Debug|Any CPU.ActiveCfg = Debug|Any CPU
		{3C50A92E-42A7-478B-994D-A2E5A8627A51}.Debug|Any CPU.Build.0 = Debug|Any CPU
		{3C50A92E-42A7-478B-994D-A2E5A8627A51}.Release|Any CPU.ActiveCfg = Release|Any CPU
		{3C50A92E-42A7-478B-994D-A2E5A8627A51}.Release|Any CPU.Build.0 = Release|Any CPU
		{B40C1ACC-A068-40DD-964D-21B2194D7608}.Debug|Any CPU.ActiveCfg = Debug|Any CPU
		{B40C1ACC-A068-40DD-964D-21B2194D7608}.Debug|Any CPU.Build.0 = Debug|Any CPU
		{B40C1ACC-A068-40DD-964D-21B2194D7608}.Release|Any CPU.ActiveCfg = Release|Any CPU
		{B40C1ACC-A068-40DD-964D-21B2194D7608}.Release|Any CPU.Build.0 = Release|Any CPU
		{8573A868-1857-4B80-9DA4-10E4857AE92D}.Debug|Any CPU.ActiveCfg = Debug|Any CPU
		{8573A868-1857-4B80-9DA4-10E4857AE92D}.Debug|Any CPU.Build.0 = Debug|Any CPU
		{8573A868-1857-4B80-9DA4-10E4857AE92D}.Release|Any CPU.ActiveCfg = Release|Any CPU
		{8573A868-1857-4B80-9DA4-10E4857AE92D}.Release|Any CPU.Build.0 = Release|Any CPU
		{0F0C44ED-BCFC-4BB7-8F70-DD7571F83E78}.Debug|Any CPU.ActiveCfg = Debug|Any CPU
		{0F0C44ED-BCFC-4BB7-8F70-DD7571F83E78}.Debug|Any CPU.Build.0 = Debug|Any CPU
		{0F0C44ED-BCFC-4BB7-8F70-DD7571F83E78}.Release|Any CPU.ActiveCfg = Release|Any CPU
		{0F0C44ED-BCFC-4BB7-8F70-DD7571F83E78}.Release|Any CPU.Build.0 = Release|Any CPU
		{5756EC0F-5D1F-4595-B257-B36E62A8A4FD}.Debug|Any CPU.ActiveCfg = Debug|Any CPU
		{5756EC0F-5D1F-4595-B257-B36E62A8A4FD}.Debug|Any CPU.Build.0 = Debug|Any CPU
		{5756EC0F-5D1F-4595-B257-B36E62A8A4FD}.Release|Any CPU.ActiveCfg = Release|Any CPU
		{5756EC0F-5D1F-4595-B257-B36E62A8A4FD}.Release|Any CPU.Build.0 = Release|Any CPU
		{9BC46ED8-150F-419C-B5C0-973B3F10C91D}.Debug|Any CPU.ActiveCfg = Debug|Any CPU
		{9BC46ED8-150F-419C-B5C0-973B3F10C91D}.Debug|Any CPU.Build.0 = Debug|Any CPU
		{9BC46ED8-150F-419C-B5C0-973B3F10C91D}.Release|Any CPU.ActiveCfg = Release|Any CPU
		{9BC46ED8-150F-419C-B5C0-973B3F10C91D}.Release|Any CPU.Build.0 = Release|Any CPU
		{4B115EF1-5173-4FEB-B186-4AA513F942B5}.Debug|Any CPU.ActiveCfg = Debug|Any CPU
		{4B115EF1-5173-4FEB-B186-4AA513F942B5}.Debug|Any CPU.Build.0 = Debug|Any CPU
		{4B115EF1-5173-4FEB-B186-4AA513F942B5}.Release|Any CPU.ActiveCfg = Release|Any CPU
		{4B115EF1-5173-4FEB-B186-4AA513F942B5}.Release|Any CPU.Build.0 = Release|Any CPU
		{72BEA95A-8012-48B1-8A46-B2F8F15477E1}.Debug|Any CPU.ActiveCfg = Debug|Any CPU
		{72BEA95A-8012-48B1-8A46-B2F8F15477E1}.Debug|Any CPU.Build.0 = Debug|Any CPU
		{72BEA95A-8012-48B1-8A46-B2F8F15477E1}.Release|Any CPU.ActiveCfg = Release|Any CPU
		{72BEA95A-8012-48B1-8A46-B2F8F15477E1}.Release|Any CPU.Build.0 = Release|Any CPU
		{24016958-4457-416F-AC3C-7A88E1B22E02}.Debug|Any CPU.ActiveCfg = Debug|Any CPU
		{24016958-4457-416F-AC3C-7A88E1B22E02}.Debug|Any CPU.Build.0 = Debug|Any CPU
		{24016958-4457-416F-AC3C-7A88E1B22E02}.Release|Any CPU.ActiveCfg = Release|Any CPU
		{24016958-4457-416F-AC3C-7A88E1B22E02}.Release|Any CPU.Build.0 = Release|Any CPU
		{ACD77D57-D399-423C-9858-3B3EE8AEC46E}.Debug|Any CPU.ActiveCfg = Debug|Any CPU
		{ACD77D57-D399-423C-9858-3B3EE8AEC46E}.Debug|Any CPU.Build.0 = Debug|Any CPU
		{ACD77D57-D399-423C-9858-3B3EE8AEC46E}.Release|Any CPU.ActiveCfg = Release|Any CPU
		{ACD77D57-D399-423C-9858-3B3EE8AEC46E}.Release|Any CPU.Build.0 = Release|Any CPU
		{F54A6F7C-B7E6-4EB3-86B9-82FFB318DE39}.Debug|Any CPU.ActiveCfg = Debug|Any CPU
		{F54A6F7C-B7E6-4EB3-86B9-82FFB318DE39}.Debug|Any CPU.Build.0 = Debug|Any CPU
		{F54A6F7C-B7E6-4EB3-86B9-82FFB318DE39}.Release|Any CPU.ActiveCfg = Release|Any CPU
		{F54A6F7C-B7E6-4EB3-86B9-82FFB318DE39}.Release|Any CPU.Build.0 = Release|Any CPU
		{F7B07A1A-E917-44AD-9292-36D60758E847}.Debug|Any CPU.ActiveCfg = Debug|Any CPU
		{F7B07A1A-E917-44AD-9292-36D60758E847}.Debug|Any CPU.Build.0 = Debug|Any CPU
		{F7B07A1A-E917-44AD-9292-36D60758E847}.Release|Any CPU.ActiveCfg = Release|Any CPU
		{F7B07A1A-E917-44AD-9292-36D60758E847}.Release|Any CPU.Build.0 = Release|Any CPU
		{984540D5-D06A-40BB-BD87-417608FEA074}.Debug|Any CPU.ActiveCfg = Debug|Any CPU
		{984540D5-D06A-40BB-BD87-417608FEA074}.Debug|Any CPU.Build.0 = Debug|Any CPU
		{984540D5-D06A-40BB-BD87-417608FEA074}.Release|Any CPU.ActiveCfg = Release|Any CPU
		{984540D5-D06A-40BB-BD87-417608FEA074}.Release|Any CPU.Build.0 = Release|Any CPU
	EndGlobalSection
	GlobalSection(SolutionProperties) = preSolution
		HideSolutionNode = FALSE
	EndGlobalSection
	GlobalSection(ExtensibilityGlobals) = postSolution
		SolutionGuid = {9C4BF098-DA9C-4D10-AE53-302BDDC65EF2}
	EndGlobalSection
EndGlobal
