
Microsoft Visual Studio Solution File, Format Version 12.00
# Visual Studio Version 16
VisualStudioVersion = 25.0.1700.6
MinimumVisualStudioVersion = 10.0.40219.1
Project("{FAE04EC0-301F-11D3-BF4B-00C04F79EFBC}") = "NetListUsers", "NetListUsers.csproj", "{22469793-E978-4BAF-8100-8F65235AE050}"
EndProject
Global
	GlobalSection(SolutionConfigurationPlatforms) = preSolution
		Debug|Any CPU = Debug|Any CPU
		Release|Any CPU = Release|Any CPU
	EndGlobalSection
	GlobalSection(ProjectConfigurationPlatforms) = postSolution
		{22469793-E978-4BAF-8100-8F65235AE050}.Debug|Any CPU.ActiveCfg = Debug|Any CPU
		{22469793-E978-4BAF-8100-8F65235AE050}.Debug|Any CPU.Build.0 = Debug|Any CPU
		{22469793-E978-4BAF-8100-8F65235AE050}.Release|Any CPU.ActiveCfg = Release|Any CPU
		{22469793-E978-4BAF-8100-8F65235AE050}.Release|Any CPU.Build.0 = Release|Any CPU
	EndGlobalSection
	GlobalSection(SolutionProperties) = preSolution
		HideSolutionNode = FALSE
	EndGlobalSection
	GlobalSection(ExtensibilityGlobals) = postSolution
		SolutionGuid = {EE17ECF0-9C11-44DB-8EDE-1B41752BA485}
	EndGlobalSection
EndGlobal
