
Microsoft Visual Studio Solution File, Format Version 12.00
# Visual Studio Version 17
VisualStudioVersion = 17.2.32616.157
MinimumVisualStudioVersion = 10.0.40219.1
Project("{FAE04EC0-301F-11D3-BF4B-00C04F79EFBC}") = "SessionWorkshop", "SessionWorkshop.csproj", "{E3D95EF6-92D9-4675-A470-FC1AB021EAF8}"
EndProject
Global
	GlobalSection(SolutionConfigurationPlatforms) = preSolution
		Debug|Any CPU = Debug|Any CPU
		Release|Any CPU = Release|Any CPU
	EndGlobalSection
	GlobalSection(ProjectConfigurationPlatforms) = postSolution
		{E3D95EF6-92D9-4675-A470-FC1AB021EAF8}.Debug|Any CPU.ActiveCfg = Debug|Any CPU
		{E3D95EF6-92D9-4675-A470-FC1AB021EAF8}.Debug|Any CPU.Build.0 = Debug|Any CPU
		{E3D95EF6-92D9-4675-A470-FC1AB021EAF8}.Release|Any CPU.ActiveCfg = Release|Any CPU
		{E3D95EF6-92D9-4675-A470-FC1AB021EAF8}.Release|Any CPU.Build.0 = Release|Any CPU
	EndGlobalSection
	GlobalSection(SolutionProperties) = preSolution
		HideSolutionNode = FALSE
	EndGlobalSection
	GlobalSection(ExtensibilityGlobals) = postSolution
		SolutionGuid = {7601CAC4-D8BE-40C8-B138-02C5CEF2ACF6}
	EndGlobalSection
EndGlobal
